
Microsoft Visual Studio Solution File, Format Version 12.00
# Visual Studio 14
VisualStudioVersion = 14.0.24720.0
MinimumVisualStudioVersion = 10.0.40219.1
Project("{8BC9CEB8-8B4A-11D0-8D11-00A0C91BC942}") = "Driver", "Driver\Driver.vcxproj", "{5AF99789-0D4D-4129-9747-4326C52DE0F7}"
EndProject
Project("{8BC9CEB8-8B4A-11D0-8D11-00A0C91BC942}") = "DLL", "DLL\DLL.vcxproj", "{E982FB20-22DA-48D2-93DD-A1B4E8B0EF27}"
EndProject
Global
	GlobalSection(SolutionConfigurationPlatforms) = preSolution
		Debug|x64 = Debug|x64
		Debug|x86 = Debug|x86
		Release|x64 = Release|x64
		Release|x86 = Release|x86
	EndGlobalSection
	GlobalSection(ProjectConfigurationPlatforms) = postSolution
		{5AF99789-0D4D-4129-9747-4326C52DE0F7}.Debug|x64.ActiveCfg = Debug|x64
		{5AF99789-0D4D-4129-9747-4326C52DE0F7}.Debug|x64.Build.0 = Debug|x64
		{5AF99789-0D4D-4129-9747-4326C52DE0F7}.Debug|x86.ActiveCfg = Debug|Win32
		{5AF99789-0D4D-4129-9747-4326C52DE0F7}.Debug|x86.Build.0 = Debug|Win32
		{5AF99789-0D4D-4129-9747-4326C52DE0F7}.Release|x64.ActiveCfg = Release|x64
		{5AF99789-0D4D-4129-9747-4326C52DE0F7}.Release|x64.Build.0 = Release|x64
		{5AF99789-0D4D-4129-9747-4326C52DE0F7}.Release|x86.ActiveCfg = Release|Win32
		{5AF99789-0D4D-4129-9747-4326C52DE0F7}.Release|x86.Build.0 = Release|Win32
		{E982FB20-22DA-48D2-93DD-A1B4E8B0EF27}.Debug|x64.ActiveCfg = Debug|x64
		{E982FB20-22DA-48D2-93DD-A1B4E8B0EF27}.Debug|x64.Build.0 = Debug|x64
		{E982FB20-22DA-48D2-93DD-A1B4E8B0EF27}.Debug|x86.ActiveCfg = Debug|Win32
		{E982FB20-22DA-48D2-93DD-A1B4E8B0EF27}.Debug|x86.Build.0 = Debug|Win32
		{E982FB20-22DA-48D2-93DD-A1B4E8B0EF27}.Release|x64.ActiveCfg = Release|x64
		{E982FB20-22DA-48D2-93DD-A1B4E8B0EF27}.Release|x64.Build.0 = Release|x64
		{E982FB20-22DA-48D2-93DD-A1B4E8B0EF27}.Release|x86.ActiveCfg = Release|Win32
		{E982FB20-22DA-48D2-93DD-A1B4E8B0EF27}.Release|x86.Build.0 = Release|Win32
	EndGlobalSection
	GlobalSection(SolutionProperties) = preSolution
		HideSolutionNode = FALSE
	EndGlobalSection
EndGlobal
